
Microsoft Visual Studio Solution File, Format Version 12.00
# Visual Studio Version 16
VisualStudioVersion = 16.0.31025.218
MinimumVisualStudioVersion = 10.0.40219.1
Project("{FAE04EC0-301F-11D3-BF4B-00C04F79EFBC}") = "Fortes.Colabore.Totem.Android", "Fortes.Colabore.Totem\Fortes.Colabore.Totem.Android\Fortes.Colabore.Totem.Android.csproj", "{352BCCAB-B0DA-49BE-AA6A-95D38F6A1997}"
EndProject
Project("{FAE04EC0-301F-11D3-BF4B-00C04F79EFBC}") = "Fortes.Colabore.Totem.iOS", "Fortes.Colabore.Totem\Fortes.Colabore.Totem.iOS\Fortes.Colabore.Totem.iOS.csproj", "{F4D0E8F7-3695-4E39-972E-3A9CDCB6856A}"
EndProject
Project("{FAE04EC0-301F-11D3-BF4B-00C04F79EFBC}") = "Fortes.Colabore.Totem", "Fortes.Colabore.Totem\Fortes.Colabore.Totem\Fortes.Colabore.Totem.csproj", "{E49E6F81-5C6C-4561-A177-7EC73C76D49C}"
EndProject
Global
	GlobalSection(SolutionConfigurationPlatforms) = preSolution
		Debug|Any CPU = Debug|Any CPU
		Debug|iPhone = Debug|iPhone
		Debug|iPhoneSimulator = Debug|iPhoneSimulator
		Release|Any CPU = Release|Any CPU
		Release|iPhone = Release|iPhone
		Release|iPhoneSimulator = Release|iPhoneSimulator
	EndGlobalSection
	GlobalSection(ProjectConfigurationPlatforms) = postSolution
		{352BCCAB-B0DA-49BE-AA6A-95D38F6A1997}.Debug|Any CPU.ActiveCfg = Debug|Any CPU
		{352BCCAB-B0DA-49BE-AA6A-95D38F6A1997}.Debug|Any CPU.Build.0 = Debug|Any CPU
		{352BCCAB-B0DA-49BE-AA6A-95D38F6A1997}.Debug|Any CPU.Deploy.0 = Debug|Any CPU
		{352BCCAB-B0DA-49BE-AA6A-95D38F6A1997}.Debug|iPhone.ActiveCfg = Debug|Any CPU
		{352BCCAB-B0DA-49BE-AA6A-95D38F6A1997}.Debug|iPhone.Build.0 = Debug|Any CPU
		{352BCCAB-B0DA-49BE-AA6A-95D38F6A1997}.Debug|iPhone.Deploy.0 = Debug|Any CPU
		{352BCCAB-B0DA-49BE-AA6A-95D38F6A1997}.Debug|iPhoneSimulator.ActiveCfg = Debug|Any CPU
		{352BCCAB-B0DA-49BE-AA6A-95D38F6A1997}.Debug|iPhoneSimulator.Build.0 = Debug|Any CPU
		{352BCCAB-B0DA-49BE-AA6A-95D38F6A1997}.Debug|iPhoneSimulator.Deploy.0 = Debug|Any CPU
		{352BCCAB-B0DA-49BE-AA6A-95D38F6A1997}.Release|Any CPU.ActiveCfg = Release|Any CPU
		{352BCCAB-B0DA-49BE-AA6A-95D38F6A1997}.Release|Any CPU.Build.0 = Release|Any CPU
		{352BCCAB-B0DA-49BE-AA6A-95D38F6A1997}.Release|Any CPU.Deploy.0 = Release|Any CPU
		{352BCCAB-B0DA-49BE-AA6A-95D38F6A1997}.Release|iPhone.ActiveCfg = Release|Any CPU
		{352BCCAB-B0DA-49BE-AA6A-95D38F6A1997}.Release|iPhone.Build.0 = Release|Any CPU
		{352BCCAB-B0DA-49BE-AA6A-95D38F6A1997}.Release|iPhone.Deploy.0 = Release|Any CPU
		{352BCCAB-B0DA-49BE-AA6A-95D38F6A1997}.Release|iPhoneSimulator.ActiveCfg = Release|Any CPU
		{352BCCAB-B0DA-49BE-AA6A-95D38F6A1997}.Release|iPhoneSimulator.Build.0 = Release|Any CPU
		{352BCCAB-B0DA-49BE-AA6A-95D38F6A1997}.Release|iPhoneSimulator.Deploy.0 = Release|Any CPU
		{F4D0E8F7-3695-4E39-972E-3A9CDCB6856A}.Debug|Any CPU.ActiveCfg = Debug|iPhone
		{F4D0E8F7-3695-4E39-972E-3A9CDCB6856A}.Debug|Any CPU.Build.0 = Debug|iPhone
		{F4D0E8F7-3695-4E39-972E-3A9CDCB6856A}.Debug|Any CPU.Deploy.0 = Debug|iPhone
		{F4D0E8F7-3695-4E39-972E-3A9CDCB6856A}.Debug|iPhone.ActiveCfg = Debug|iPhone
		{F4D0E8F7-3695-4E39-972E-3A9CDCB6856A}.Debug|iPhone.Build.0 = Debug|iPhone
		{F4D0E8F7-3695-4E39-972E-3A9CDCB6856A}.Debug|iPhone.Deploy.0 = Debug|iPhone
		{F4D0E8F7-3695-4E39-972E-3A9CDCB6856A}.Debug|iPhoneSimulator.ActiveCfg = Debug|iPhoneSimulator
		{F4D0E8F7-3695-4E39-972E-3A9CDCB6856A}.Debug|iPhoneSimulator.Build.0 = Debug|iPhoneSimulator
		{F4D0E8F7-3695-4E39-972E-3A9CDCB6856A}.Debug|iPhoneSimulator.Deploy.0 = Debug|iPhoneSimulator
		{F4D0E8F7-3695-4E39-972E-3A9CDCB6856A}.Release|Any CPU.ActiveCfg = Release|iPhoneSimulator
		{F4D0E8F7-3695-4E39-972E-3A9CDCB6856A}.Release|Any CPU.Build.0 = Release|iPhoneSimulator
		{F4D0E8F7-3695-4E39-972E-3A9CDCB6856A}.Release|Any CPU.Deploy.0 = Release|iPhoneSimulator
		{F4D0E8F7-3695-4E39-972E-3A9CDCB6856A}.Release|iPhone.ActiveCfg = Release|iPhone
		{F4D0E8F7-3695-4E39-972E-3A9CDCB6856A}.Release|iPhone.Build.0 = Release|iPhone
		{F4D0E8F7-3695-4E39-972E-3A9CDCB6856A}.Release|iPhone.Deploy.0 = Release|iPhone
		{F4D0E8F7-3695-4E39-972E-3A9CDCB6856A}.Release|iPhoneSimulator.ActiveCfg = Release|iPhoneSimulator
		{F4D0E8F7-3695-4E39-972E-3A9CDCB6856A}.Release|iPhoneSimulator.Build.0 = Release|iPhoneSimulator
		{F4D0E8F7-3695-4E39-972E-3A9CDCB6856A}.Release|iPhoneSimulator.Deploy.0 = Release|iPhoneSimulator
		{E49E6F81-5C6C-4561-A177-7EC73C76D49C}.Debug|Any CPU.ActiveCfg = Debug|Any CPU
		{E49E6F81-5C6C-4561-A177-7EC73C76D49C}.Debug|Any CPU.Build.0 = Debug|Any CPU
		{E49E6F81-5C6C-4561-A177-7EC73C76D49C}.Debug|Any CPU.Deploy.0 = Debug|Any CPU
		{E49E6F81-5C6C-4561-A177-7EC73C76D49C}.Debug|iPhone.ActiveCfg = Debug|Any CPU
		{E49E6F81-5C6C-4561-A177-7EC73C76D49C}.Debug|iPhone.Build.0 = Debug|Any CPU
		{E49E6F81-5C6C-4561-A177-7EC73C76D49C}.Debug|iPhone.Deploy.0 = Debug|Any CPU
		{E49E6F81-5C6C-4561-A177-7EC73C76D49C}.Debug|iPhoneSimulator.ActiveCfg = Debug|Any CPU
		{E49E6F81-5C6C-4561-A177-7EC73C76D49C}.Debug|iPhoneSimulator.Build.0 = Debug|Any CPU
		{E49E6F81-5C6C-4561-A177-7EC73C76D49C}.Debug|iPhoneSimulator.Deploy.0 = Debug|Any CPU
		{E49E6F81-5C6C-4561-A177-7EC73C76D49C}.Release|Any CPU.ActiveCfg = Release|Any CPU
		{E49E6F81-5C6C-4561-A177-7EC73C76D49C}.Release|Any CPU.Build.0 = Release|Any CPU
		{E49E6F81-5C6C-4561-A177-7EC73C76D49C}.Release|Any CPU.Deploy.0 = Release|Any CPU
		{E49E6F81-5C6C-4561-A177-7EC73C76D49C}.Release|iPhone.ActiveCfg = Release|Any CPU
		{E49E6F81-5C6C-4561-A177-7EC73C76D49C}.Release|iPhone.Build.0 = Release|Any CPU
		{E49E6F81-5C6C-4561-A177-7EC73C76D49C}.Release|iPhone.Deploy.0 = Release|Any CPU
		{E49E6F81-5C6C-4561-A177-7EC73C76D49C}.Release|iPhoneSimulator.ActiveCfg = Release|Any CPU
		{E49E6F81-5C6C-4561-A177-7EC73C76D49C}.Release|iPhoneSimulator.Build.0 = Release|Any CPU
		{E49E6F81-5C6C-4561-A177-7EC73C76D49C}.Release|iPhoneSimulator.Deploy.0 = Release|Any CPU
	EndGlobalSection
	GlobalSection(SolutionProperties) = preSolution
		HideSolutionNode = FALSE
	EndGlobalSection
	GlobalSection(ExtensibilityGlobals) = postSolution
		SolutionGuid = {0DDAA947-AD44-485C-97F2-EDC52245A5F7}
	EndGlobalSection
EndGlobal
